// !$*UTF8*$!
{
	archiveVersion = 1;
	classes = {
	};
	objectVersion = 50;
	objects = {

/* Begin PBXBuildFile section */
		CF14084A25D8417600CDBA6D /* AppDelegate.swift in Sources */ = {isa = PBXBuildFile; fileRef = CF14084925D8417600CDBA6D /* AppDelegate.swift */; };
		CF14084C25D8417600CDBA6D /* SceneDelegate.swift in Sources */ = {isa = PBXBuildFile; fileRef = CF14084B25D8417600CDBA6D /* SceneDelegate.swift */; };
		CF14084E25D8417600CDBA6D /* ViewController.swift in Sources */ = {isa = PBXBuildFile; fileRef = CF14084D25D8417600CDBA6D /* ViewController.swift */; };
		CF14085125D8417600CDBA6D /* Main.storyboard in Resources */ = {isa = PBXBuildFile; fileRef = CF14084F25D8417600CDBA6D /* Main.storyboard */; };
		CF14085325D8417700CDBA6D /* Assets.xcassets in Resources */ = {isa = PBXBuildFile; fileRef = CF14085225D8417700CDBA6D /* Assets.xcassets */; };
		CF14085625D8417700CDBA6D /* LaunchScreen.storyboard in Resources */ = {isa = PBXBuildFile; fileRef = CF14085425D8417700CDBA6D /* LaunchScreen.storyboard */; };
		CFFF019625D9359800271B4A /* Converter.swift in Sources */ = {isa = PBXBuildFile; fileRef = CFFF019525D9359800271B4A /* Converter.swift */; };
		CFFF019F25D9377200271B4A /* ConverterTests.swift in Sources */ = {isa = PBXBuildFile; fileRef = CFFF019E25D9377200271B4A /* ConverterTests.swift */; };
/* End PBXBuildFile section */

/* Begin PBXContainerItemProxy section */
		CF14086725D8418900CDBA6D /* PBXContainerItemProxy */ = {
			isa = PBXContainerItemProxy;
			containerPortal = CF14083E25D8417600CDBA6D /* Project object */;
			proxyType = 1;
			remoteGlobalIDString = CF14084525D8417600CDBA6D;
			remoteInfo = XCTestUse;
		};
/* End PBXContainerItemProxy section */

/* Begin PBXFileReference section */
		CF14084625D8417600CDBA6D /* XCTestUse.app */ = {isa = PBXFileReference; explicitFileType = wrapper.application; includeInIndex = 0; path = XCTestUse.app; sourceTree = BUILT_PRODUCTS_DIR; };
		CF14084925D8417600CDBA6D /* AppDelegate.swift */ = {isa = PBXFileReference; lastKnownFileType = sourcecode.swift; path = AppDelegate.swift; sourceTree = "<group>"; };
		CF14084B25D8417600CDBA6D /* SceneDelegate.swift */ = {isa = PBXFileReference; lastKnownFileType = sourcecode.swift; path = SceneDelegate.swift; sourceTree = "<group>"; };
		CF14084D25D8417600CDBA6D /* ViewController.swift */ = {isa = PBXFileReference; lastKnownFileType = sourcecode.swift; path = ViewController.swift; sourceTree = "<group>"; };
		CF14085025D8417600CDBA6D /* Base */ = {isa = PBXFileReference; lastKnownFileType = file.storyboard; name = Base; path = Base.lproj/Main.storyboard; sourceTree = "<group>"; };
		CF14085225D8417700CDBA6D /* Assets.xcassets */ = {isa = PBXFileReference; lastKnownFileType = folder.assetcatalog; path = Assets.xcassets; sourceTree = "<group>"; };
		CF14085525D8417700CDBA6D /* Base */ = {isa = PBXFileReference; lastKnownFileType = file.storyboard; name = Base; path = Base.lproj/LaunchScreen.storyboard; sourceTree = "<group>"; };
		CF14085725D8417700CDBA6D /* Info.plist */ = {isa = PBXFileReference; lastKnownFileType = text.plist.xml; path = Info.plist; sourceTree = "<group>"; };
		CF14086225D8418900CDBA6D /* XCTestUseTests.xctest */ = {isa = PBXFileReference; explicitFileType = wrapper.cfbundle; includeInIndex = 0; path = XCTestUseTests.xctest; sourceTree = BUILT_PRODUCTS_DIR; };
		CF14086625D8418900CDBA6D /* Info.plist */ = {isa = PBXFileReference; lastKnownFileType = text.plist.xml; path = Info.plist; sourceTree = "<group>"; };
		CFFF019525D9359800271B4A /* Converter.swift */ = {isa = PBXFileReference; lastKnownFileType = sourcecode.swift; path = Converter.swift; sourceTree = "<group>"; };
		CFFF019E25D9377200271B4A /* ConverterTests.swift */ = {isa = PBXFileReference; lastKnownFileType = sourcecode.swift; path = ConverterTests.swift; sourceTree = "<group>"; };
/* End PBXFileReference section */

/* Begin PBXFrameworksBuildPhase section */
		CF14084325D8417600CDBA6D /* Frameworks */ = {
			isa = PBXFrameworksBuildPhase;
			buildActionMask = 2147483647;
			files = (
			);
			runOnlyForDeploymentPostprocessing = 0;
		};
		CF14085F25D8418900CDBA6D /* Frameworks */ = {
			isa = PBXFrameworksBuildPhase;
			buildActionMask = 2147483647;
			files = (
			);
			runOnlyForDeploymentPostprocessing = 0;
		};
/* End PBXFrameworksBuildPhase section */

/* Begin PBXGroup section */
		CF14083D25D8417600CDBA6D = {
			isa = PBXGroup;
			children = (
				CF14084825D8417600CDBA6D /* XCTestUse */,
				CF14086325D8418900CDBA6D /* XCTestUseTests */,
				CF14084725D8417600CDBA6D /* Products */,
			);
			sourceTree = "<group>";
		};
		CF14084725D8417600CDBA6D /* Products */ = {
			isa = PBXGroup;
			children = (
				CF14084625D8417600CDBA6D /* XCTestUse.app */,
				CF14086225D8418900CDBA6D /* XCTestUseTests.xctest */,
			);
			name = Products;
			sourceTree = "<group>";
		};
		CF14084825D8417600CDBA6D /* XCTestUse */ = {
			isa = PBXGroup;
			children = (
				CF14084925D8417600CDBA6D /* AppDelegate.swift */,
				CF14084B25D8417600CDBA6D /* SceneDelegate.swift */,
				CF14084D25D8417600CDBA6D /* ViewController.swift */,
				CF14084F25D8417600CDBA6D /* Main.storyboard */,
				CF14085225D8417700CDBA6D /* Assets.xcassets */,
				CF14085425D8417700CDBA6D /* LaunchScreen.storyboard */,
				CF14085725D8417700CDBA6D /* Info.plist */,
				CFFF019925D936EE00271B4A /* xctest */,
			);
			path = XCTestUse;
			sourceTree = "<group>";
		};
		CF14086325D8418900CDBA6D /* XCTestUseTests */ = {
			isa = PBXGroup;
			children = (
				CF14086625D8418900CDBA6D /* Info.plist */,
				CFFF019E25D9377200271B4A /* ConverterTests.swift */,
			);
			path = XCTestUseTests;
			sourceTree = "<group>";
		};
		CFFF019925D936EE00271B4A /* xctest */ = {
			isa = PBXGroup;
			children = (
				CFFF019525D9359800271B4A /* Converter.swift */,
			);
			path = xctest;
			sourceTree = "<group>";
		};
/* End PBXGroup section */

/* Begin PBXNativeTarget section */
		CF14084525D8417600CDBA6D /* XCTestUse */ = {
			isa = PBXNativeTarget;
			buildConfigurationList = CF14085A25D8417700CDBA6D /* Build configuration list for PBXNativeTarget "XCTestUse" */;
			buildPhases = (
				CF14084225D8417600CDBA6D /* Sources */,
				CF14084325D8417600CDBA6D /* Frameworks */,
				CF14084425D8417600CDBA6D /* Resources */,
			);
			buildRules = (
			);
			dependencies = (
			);
			name = XCTestUse;
			productName = XCTestUse;
			productReference = CF14084625D8417600CDBA6D /* XCTestUse.app */;
			productType = "com.apple.product-type.application";
		};
		CF14086125D8418900CDBA6D /* XCTestUseTests */ = {
			isa = PBXNativeTarget;
			buildConfigurationList = CF14086925D8418900CDBA6D /* Build configuration list for PBXNativeTarget "XCTestUseTests" */;
			buildPhases = (
				CF14085E25D8418900CDBA6D /* Sources */,
				CF14085F25D8418900CDBA6D /* Frameworks */,
				CF14086025D8418900CDBA6D /* Resources */,
			);
			buildRules = (
			);
			dependencies = (
				CF14086825D8418900CDBA6D /* PBXTargetDependency */,
			);
			name = XCTestUseTests;
			productName = XCTestUseTests;
			productReference = CF14086225D8418900CDBA6D /* XCTestUseTests.xctest */;
			productType = "com.apple.product-type.bundle.unit-test";
		};
/* End PBXNativeTarget section */

/* Begin PBXProject section */
		CF14083E25D8417600CDBA6D /* Project object */ = {
			isa = PBXProject;
			attributes = {
				LastSwiftUpdateCheck = 1240;
				LastUpgradeCheck = 1240;
				TargetAttributes = {
					CF14084525D8417600CDBA6D = {
						CreatedOnToolsVersion = 12.4;
					};
					CF14086125D8418900CDBA6D = {
						CreatedOnToolsVersion = 12.4;
						LastSwiftMigration = 1240;
						TestTargetID = CF14084525D8417600CDBA6D;
					};
				};
			};
			buildConfigurationList = CF14084125D8417600CDBA6D /* Build configuration list for PBXProject "XCTestUse" */;
			compatibilityVersion = "Xcode 9.3";
			developmentRegion = en;
			hasScannedForEncodings = 0;
			knownRegions = (
				en,
				Base,
			);
			mainGroup = CF14083D25D8417600CDBA6D;
			productRefGroup = CF14084725D8417600CDBA6D /* Products */;
			projectDirPath = "";
			projectRoot = "";
			targets = (
				CF14084525D8417600CDBA6D /* XCTestUse */,
				CF14086125D8418900CDBA6D /* XCTestUseTests */,
			);
		};
/* End PBXProject section */

/* Begin PBXResourcesBuildPhase section */
		CF14084425D8417600CDBA6D /* Resources */ = {
			isa = PBXResourcesBuildPhase;
			buildActionMask = 2147483647;
			files = (
				CF14085625D8417700CDBA6D /* LaunchScreen.storyboard in Resources */,
				CF14085325D8417700CDBA6D /* Assets.xcassets in Resources */,
				CF14085125D8417600CDBA6D /* Main.storyboard in Resources */,
			);
			runOnlyForDeploymentPostprocessing = 0;
		};
		CF14086025D8418900CDBA6D /* Resources */ = {
			isa = PBXResourcesBuildPhase;
			buildActionMask = 2147483647;
			files = (
			);
			runOnlyForDeploymentPostprocessing = 0;
		};
/* End PBXResourcesBuildPhase section */

/* Begin PBXSourcesBuildPhase section */
		CF14084225D8417600CDBA6D /* Sources */ = {
			isa = PBXSourcesBuildPhase;
			buildActionMask = 2147483647;
			files = (
				CF14084E25D8417600CDBA6D /* ViewController.swift in Sources */,
				CF14084A25D8417600CDBA6D /* AppDelegate.swift in Sources */,
				CFFF019625D9359800271B4A /* Converter.swift in Sources */,
				CF14084C25D8417600CDBA6D /* SceneDelegate.swift in Sources */,
			);
			runOnlyForDeploymentPostprocessing = 0;
		};
		CF14085E25D8418900CDBA6D /* Sources */ = {
			isa = PBXSourcesBuildPhase;
			buildActionMask = 2147483647;
			files = (
				CFFF019F25D9377200271B4A /* ConverterTests.swift in Sources */,
			);
			runOnlyForDeploymentPostprocessing = 0;
		};
/* End PBXSourcesBuildPhase section */

/* Begin PBXTargetDependency section */
		CF14086825D8418900CDBA6D /* PBXTargetDependency */ = {
			isa = PBXTargetDependency;
			target = CF14084525D8417600CDBA6D /* XCTestUse */;
			targetProxy = CF14086725D8418900CDBA6D /* PBXContainerItemProxy */;
		};
/* End PBXTargetDependency section */

/* Begin PBXVariantGroup section */
		CF14084F25D8417600CDBA6D /* Main.storyboard */ = {
			isa = PBXVariantGroup;
			children = (
				CF14085025D8417600CDBA6D /* Base */,
			);
			name = Main.storyboard;
			sourceTree = "<group>";
		};
		CF14085425D8417700CDBA6D /* LaunchScreen.storyboard */ = {
			isa = PBXVariantGroup;
			children = (
				CF14085525D8417700CDBA6D /* Base */,
			);
			name = LaunchScreen.storyboard;
			sourceTree = "<group>";
		};
/* End PBXVariantGroup section */

/* Begin XCBuildConfiguration section */
		CF14085825D8417700CDBA6D /* Debug */ = {
			isa = XCBuildConfiguration;
			buildSettings = {
				ALWAYS_SEARCH_USER_PATHS = NO;
				CLANG_ANALYZER_NONNULL = YES;
				CLANG_ANALYZER_NUMBER_OBJECT_CONVERSION = YES_AGGRESSIVE;
				CLANG_CXX_LANGUAGE_STANDARD = "gnu++14";
				CLANG_CXX_LIBRARY = "libc++";
				CLANG_ENABLE_MODULES = YES;
				CLANG_ENABLE_OBJC_ARC = YES;
				CLANG_ENABLE_OBJC_WEAK = YES;
				CLANG_WARN_BLOCK_CAPTURE_AUTORELEASING = YES;
				CLANG_WARN_BOOL_CONVERSION = YES;
				CLANG_WARN_COMMA = YES;
				CLANG_WARN_CONSTANT_CONVERSION = YES;
				CLANG_WARN_DEPRECATED_OBJC_IMPLEMENTATIONS = YES;
				CLANG_WARN_DIRECT_OBJC_ISA_USAGE = YES_ERROR;
				CLANG_WARN_DOCUMENTATION_COMMENTS = YES;
				CLANG_WARN_EMPTY_BODY = YES;
				CLANG_WARN_ENUM_CONVERSION = YES;
				CLANG_WARN_INFINITE_RECURSION = YES;
				CLANG_WARN_INT_CONVERSION = YES;
				CLANG_WARN_NON_LITERAL_NULL_CONVERSION = YES;
				CLANG_WARN_OBJC_IMPLICIT_RETAIN_SELF = YES;
				CLANG_WARN_OBJC_LITERAL_CONVERSION = YES;
				CLANG_WARN_OBJC_ROOT_CLASS = YES_ERROR;
				CLANG_WARN_QUOTED_INCLUDE_IN_FRAMEWORK_HEADER = YES;
				CLANG_WARN_RANGE_LOOP_ANALYSIS = YES;
				CLANG_WARN_STRICT_PROTOTYPES = YES;
				CLANG_WARN_SUSPICIOUS_MOVE = YES;
				CLANG_WARN_UNGUARDED_AVAILABILITY = YES_AGGRESSIVE;
				CLANG_WARN_UNREACHABLE_CODE = YES;
				CLANG_WARN__DUPLICATE_METHOD_MATCH = YES;
				COPY_PHASE_STRIP = NO;
				DEBUG_INFORMATION_FORMAT = dwarf;
				ENABLE_STRICT_OBJC_MSGSEND = YES;
				ENABLE_TESTABILITY = YES;
				GCC_C_LANGUAGE_STANDARD = gnu11;
				GCC_DYNAMIC_NO_PIC = NO;
				GCC_NO_COMMON_BLOCKS = YES;
				GCC_OPTIMIZATION_LEVEL = 0;
				GCC_PREPROCESSOR_DEFINITIONS = (
					"DEBUG=1",
					"$(inherited)",
				);
				GCC_WARN_64_TO_32_BIT_CONVERSION = YES;
				GCC_WARN_ABOUT_RETURN_TYPE = YES_ERROR;
				GCC_WARN_UNDECLARED_SELECTOR = YES;
				GCC_WARN_UNINITIALIZED_AUTOS = YES_AGGRESSIVE;
				GCC_WARN_UNUSED_FUNCTION = YES;
				GCC_WARN_UNUSED_VARIABLE = YES;
				IPHONEOS_DEPLOYMENT_TARGET = 14.4;
				MTL_ENABLE_DEBUG_INFO = INCLUDE_SOURCE;
				MTL_FAST_MATH = YES;
				ONLY_ACTIVE_ARCH = YES;
				SDKROOT = iphoneos;
				SWIFT_ACTIVE_COMPILATION_CONDITIONS = DEBUG;
				SWIFT_OPTIMIZATION_LEVEL = "-Onone";
			};
			name = Debug;
		};
		CF14085925D8417700CDBA6D /* Release */ = {
			isa = XCBuildConfiguration;
			buildSettings = {
				ALWAYS_SEARCH_USER_PATHS = NO;
				CLANG_ANALYZER_NONNULL = YES;
				CLANG_ANALYZER_NUMBER_OBJECT_CONVERSION = YES_AGGRESSIVE;
				CLANG_CXX_LANGUAGE_STANDARD = "gnu++14";
				CLANG_CXX_LIBRARY = "libc++";
				CLANG_ENABLE_MODULES = YES;
				CLANG_ENABLE_OBJC_ARC = YES;
				CLANG_ENABLE_OBJC_WEAK = YES;
				CLANG_WARN_BLOCK_CAPTURE_AUTORELEASING = YES;
				CLANG_WARN_BOOL_CONVERSION = YES;
				CLANG_WARN_COMMA = YES;
				CLANG_WARN_CONSTANT_CONVERSION = YES;
				CLANG_WARN_DEPRECATED_OBJC_IMPLEMENTATIONS = YES;
				CLANG_WARN_DIRECT_OBJC_ISA_USAGE = YES_ERROR;
				CLANG_WARN_DOCUMENTATION_COMMENTS = YES;
				CLANG_WARN_EMPTY_BODY = YES;
				CLANG_WARN_ENUM_CONVERSION = YES;
				CLANG_WARN_INFINITE_RECURSION = YES;
				CLANG_WARN_INT_CONVERSION = YES;
				CLANG_WARN_NON_LITERAL_NULL_CONVERSION = YES;
				CLANG_WARN_OBJC_IMPLICIT_RETAIN_SELF = YES;
				CLANG_WARN_OBJC_LITERAL_CONVERSION = YES;
				CLANG_WARN_OBJC_ROOT_CLASS = YES_ERROR;
				CLANG_WARN_QUOTED_INCLUDE_IN_FRAMEWORK_HEADER = YES;
				CLANG_WARN_RANGE_LOOP_ANALYSIS = YES;
				CLANG_WARN_STRICT_PROTOTYPES = YES;
				CLANG_WARN_SUSPICIOUS_MOVE = YES;
				CLANG_WARN_UNGUARDED_AVAILABILITY = YES_AGGRESSIVE;
				CLANG_WARN_UNREACHABLE_CODE = YES;
				CLANG_WARN__DUPLICATE_METHOD_MATCH = YES;
				COPY_PHASE_STRIP = NO;
				DEBUG_INFORMATION_FORMAT = "dwarf-with-dsym";
				ENABLE_NS_ASSERTIONS = NO;
				ENABLE_STRICT_OBJC_MSGSEND = YES;
				GCC_C_LANGUAGE_STANDARD = gnu11;
				GCC_NO_COMMON_BLOCKS = YES;
				GCC_WARN_64_TO_32_BIT_CONVERSION = YES;
				GCC_WARN_ABOUT_RETURN_TYPE = YES_ERROR;
				GCC_WARN_UNDECLARED_SELECTOR = YES;
				GCC_WARN_UNINITIALIZED_AUTOS = YES_AGGRESSIVE;
				GCC_WARN_UNUSED_FUNCTION = YES;
				GCC_WARN_UNUSED_VARIABLE = YES;
				IPHONEOS_DEPLOYMENT_TARGET = 14.4;
				MTL_ENABLE_DEBUG_INFO = NO;
				MTL_FAST_MATH = YES;
				SDKROOT = iphoneos;
				SWIFT_COMPILATION_MODE = wholemodule;
				SWIFT_OPTIMIZATION_LEVEL = "-O";
				VALIDATE_PRODUCT = YES;
			};
			name = Release;
		};
		CF14085B25D8417700CDBA6D /* Debug */ = {
			isa = XCBuildConfiguration;
			buildSettings = {
				ASSETCATALOG_COMPILER_APPICON_NAME = AppIcon;
				ASSETCATALOG_COMPILER_GLOBAL_ACCENT_COLOR_NAME = AccentColor;
				CODE_SIGN_STYLE = Automatic;
				DEVELOPMENT_TEAM = 9L3PPN38N6;
				INFOPLIST_FILE = XCTestUse/Info.plist;
				LD_RUNPATH_SEARCH_PATHS = (
					"$(inherited)",
					"@executable_path/Frameworks",
				);
				PRODUCT_BUNDLE_IDENTIFIER = es.jsantamariap.XCTestUse;
				PRODUCT_NAME = "$(TARGET_NAME)";
				SWIFT_VERSION = 5.0;
				TARGETED_DEVICE_FAMILY = "1,2";
			};
			name = Debug;
		};
		CF14085C25D8417700CDBA6D /* Release */ = {
			isa = XCBuildConfiguration;
			buildSettings = {
				ASSETCATALOG_COMPILER_APPICON_NAME = AppIcon;
				ASSETCATALOG_COMPILER_GLOBAL_ACCENT_COLOR_NAME = AccentColor;
				CODE_SIGN_STYLE = Automatic;
				DEVELOPMENT_TEAM = 9L3PPN38N6;
				INFOPLIST_FILE = XCTestUse/Info.plist;
				LD_RUNPATH_SEARCH_PATHS = (
					"$(inherited)",
					"@executable_path/Frameworks",
				);
				PRODUCT_BUNDLE_IDENTIFIER = es.jsantamariap.XCTestUse;
				PRODUCT_NAME = "$(TARGET_NAME)";
				SWIFT_VERSION = 5.0;
				TARGETED_DEVICE_FAMILY = "1,2";
			};
			name = Release;
		};
		CF14086A25D8418900CDBA6D /* Debug */ = {
			isa = XCBuildConfiguration;
			buildSettings = {
				BUNDLE_LOADER = "$(TEST_HOST)";
				CLANG_ENABLE_MODULES = YES;
				CODE_SIGN_STYLE = Automatic;
				DEVELOPMENT_TEAM = 9L3PPN38N6;
				INFOPLIST_FILE = XCTestUseTests/Info.plist;
				LD_RUNPATH_SEARCH_PATHS = (
					"$(inherited)",
					"@executable_path/Frameworks",
					"@loader_path/Frameworks",
				);
				PRODUCT_BUNDLE_IDENTIFIER = es.jsantamariap.XCTestUseTests;
				PRODUCT_NAME = "$(TARGET_NAME)";
				SWIFT_OPTIMIZATION_LEVEL = "-Onone";
				SWIFT_VERSION = 5.0;
				TARGETED_DEVICE_FAMILY = "1,2";
				TEST_HOST = "$(BUILT_PRODUCTS_DIR)/XCTestUse.app/XCTestUse";
			};
			name = Debug;
		};
		CF14086B25D8418900CDBA6D /* Release */ = {
			isa = XCBuildConfiguration;
			buildSettings = {
				BUNDLE_LOADER = "$(TEST_HOST)";
				CLANG_ENABLE_MODULES = YES;
				CODE_SIGN_STYLE = Automatic;
				DEVELOPMENT_TEAM = 9L3PPN38N6;
				INFOPLIST_FILE = XCTestUseTests/Info.plist;
				LD_RUNPATH_SEARCH_PATHS = (
					"$(inherited)",
					"@executable_path/Frameworks",
					"@loader_path/Frameworks",
				);
				PRODUCT_BUNDLE_IDENTIFIER = es.jsantamariap.XCTestUseTests;
				PRODUCT_NAME = "$(TARGET_NAME)";
				SWIFT_VERSION = 5.0;
				TARGETED_DEVICE_FAMILY = "1,2";
				TEST_HOST = "$(BUILT_PRODUCTS_DIR)/XCTestUse.app/XCTestUse";
			};
			name = Release;
		};
/* End XCBuildConfiguration section */

/* Begin XCConfigurationList section */
		CF14084125D8417600CDBA6D /* Build configuration list for PBXProject "XCTestUse" */ = {
			isa = XCConfigurationList;
			buildConfigurations = (
				CF14085825D8417700CDBA6D /* Debug */,
				CF14085925D8417700CDBA6D /* Release */,
			);
			defaultConfigurationIsVisible = 0;
			defaultConfigurationName = Release;
		};
		CF14085A25D8417700CDBA6D /* Build configuration list for PBXNativeTarget "XCTestUse" */ = {
			isa = XCConfigurationList;
			buildConfigurations = (
				CF14085B25D8417700CDBA6D /* Debug */,
				CF14085C25D8417700CDBA6D /* Release */,
			);
			defaultConfigurationIsVisible = 0;
			defaultConfigurationName = Release;
		};
		CF14086925D8418900CDBA6D /* Build configuration list for PBXNativeTarget "XCTestUseTests" */ = {
			isa = XCConfigurationList;
			buildConfigurations = (
				CF14086A25D8418900CDBA6D /* Debug */,
				CF14086B25D8418900CDBA6D /* Release */,
			);
			defaultConfigurationIsVisible = 0;
			defaultConfigurationName = Release;
		};
/* End XCConfigurationList section */
	};
	rootObject = CF14083E25D8417600CDBA6D /* Project object */;
}
